{
  "version": 4,
  "terraform_version": "1.3.8",
  "serial": 1,
  "lineage": "cad7a267-84ed-6b6a-8658-d183b1de4c50",
  "outputs": {},
  "resources": [
    {
      "mode": "managed",
      "type": "random_id",
      "name": "bucket_prefix",
      "provider": "provider[\"registry.terraform.io/hashicorp/random\"]",
      "instances": [
        {
          "schema_version": 0,
          "attributes": {
            "b64_std": "OZmWKvEDSC0=",
            "b64_url": "OZmWKvEDSC0",
            "byte_length": 8,
            "dec": "4150513642774939693",
            "hex": "3999962af103482d",
            "id": "OZmWKvEDSC0",
            "keepers": null,
            "prefix": null
          },
          "sensitive_attributes": []
        }
      ]
    }
  ],
  "check_results": null
}
